
Microsoft Visual Studio Solution File, Format Version 12.00
# Visual Studio Version 17
VisualStudioVersion = 17.8.34309.116
MinimumVisualStudioVersion = 10.0.40219.1
Project("{FAE04EC0-301F-11D3-BF4B-00C04F79EFBC}") = "CustomBedSheets", "CustomBedSheets.csproj", "{4410144C-DE08-4E53-89B2-FB1C92FA7DF4}"
EndProject
Project("{FAE04EC0-301F-11D3-BF4B-00C04F79EFBC}") = "CustomStartMenu", "..\CustomStartMenu\CustomStartMenu.csproj", "{100A6348-BD54-4861-BB95-BF6D026953D0}"
EndProject
Global
	GlobalSection(SolutionConfigurationPlatforms) = preSolution
		Debug|Any CPU = Debug|Any CPU
		Release|Any CPU = Release|Any CPU
	EndGlobalSection
	GlobalSection(ProjectConfigurationPlatforms) = postSolution
		{4410144C-DE08-4E53-89B2-FB1C92FA7DF4}.Debug|Any CPU.ActiveCfg = Debug|Any CPU
		{4410144C-DE08-4E53-89B2-FB1C92FA7DF4}.Debug|Any CPU.Build.0 = Debug|Any CPU
		{4410144C-DE08-4E53-89B2-FB1C92FA7DF4}.Release|Any CPU.ActiveCfg = Release|Any CPU
		{4410144C-DE08-4E53-89B2-FB1C92FA7DF4}.Release|Any CPU.Build.0 = Release|Any CPU
		{100A6348-BD54-4861-BB95-BF6D026953D0}.Debug|Any CPU.ActiveCfg = Debug|Any CPU
		{100A6348-BD54-4861-BB95-BF6D026953D0}.Debug|Any CPU.Build.0 = Debug|Any CPU
		{100A6348-BD54-4861-BB95-BF6D026953D0}.Release|Any CPU.ActiveCfg = Release|Any CPU
		{100A6348-BD54-4861-BB95-BF6D026953D0}.Release|Any CPU.Build.0 = Release|Any CPU
	EndGlobalSection
	GlobalSection(SolutionProperties) = preSolution
		HideSolutionNode = FALSE
	EndGlobalSection
	GlobalSection(ExtensibilityGlobals) = postSolution
		SolutionGuid = {ED5A520D-328B-41CB-97F3-FCBE4F57E169}
	EndGlobalSection
EndGlobal
